
Microsoft Visual Studio Solution File, Format Version 12.00
# Visual Studio Version 16
VisualStudioVersion = 16.0.31321.278
MinimumVisualStudioVersion = 10.0.40219.1
Project("{9A19103F-16F7-4668-BE54-9A1E7A4F7556}") = "Opticient.EFCore.Repository", "Opticient.EFCore.Repository\Opticient.EFCore.Repository.csproj", "{806E569B-70F3-4D63-92A5-E92A065A9C23}"
EndProject
Global
	GlobalSection(SolutionConfigurationPlatforms) = preSolution
		Debug|Any CPU = Debug|Any CPU
		Release|Any CPU = Release|Any CPU
	EndGlobalSection
	GlobalSection(ProjectConfigurationPlatforms) = postSolution
		{806E569B-70F3-4D63-92A5-E92A065A9C23}.Debug|Any CPU.ActiveCfg = Debug|Any CPU
		{806E569B-70F3-4D63-92A5-E92A065A9C23}.Debug|Any CPU.Build.0 = Debug|Any CPU
		{806E569B-70F3-4D63-92A5-E92A065A9C23}.Release|Any CPU.ActiveCfg = Release|Any CPU
		{806E569B-70F3-4D63-92A5-E92A065A9C23}.Release|Any CPU.Build.0 = Release|Any CPU
	EndGlobalSection
	GlobalSection(SolutionProperties) = preSolution
		HideSolutionNode = FALSE
	EndGlobalSection
	GlobalSection(ExtensibilityGlobals) = postSolution
		SolutionGuid = {9257706F-C423-47A5-9F63-9D6A71208919}
	EndGlobalSection
EndGlobal
